<?xml version="1.0" encoding="utf-8"?>
<Project ToolsVersion="4.0" xmlns="http://schemas.microsoft.com/developer/msbuild/2003">
  <ItemGroup>
    <Filter Include="Source Files">
      <UniqueIdentifier>{4FC737F1-C7A5-4376-A066-2A32D752A2FF}</UniqueIdentifier>
      <Extensions>cpp;c;cc;cxx;def;odl;idl;hpj;bat;asm;asmx</Extensions>
    </Filter>
    <Filter Include="Header Files">
      <UniqueIdentifier>{93995380-89BD-4b04-88EB-625FBE52EBFB}</UniqueIdentifier>
      <Extensions>h;hh;hpp;hxx;hm;inl;inc;xsd</Extensions>
    </Filter>
    <Filter Include="Resource Files">
      <UniqueIdentifier>{67DA6AB6-F800-4c08-8B7A-83BB121AAD01}</UniqueIdentifier>
      <Extensions>rc;ico;cur;bmp;dlg;rc2;rct;bin;rgs;gif;jpg;jpeg;jpe;resx;tiff;tif;png;wav;mfcribbon-ms</Extensions>
    </Filter>
  </ItemGroup>
  <ItemGroup>
    <ClCompile Include="main.cpp">
      <Filter>Source Files</Filter>
    </ClCompile>
    <ClCompile Include="Core\Init\Init_GLEW.cpp">
      <Filter>Source Files</Filter>
    </ClCompile>
    <ClCompile Include="Core\Init\Init_GLUT.cpp">
      <Filter>Source Files</Filter>
    </ClCompile>
    <ClCompile Include="Managers\Scene_Manager.cpp">
      <Filter>Source Files</Filter>
    </ClCompile>
    <ClCompile Include="Rendering\Models\Model.cpp">
      <Filter>Source Files</Filter>
    </ClCompile>
    <ClCompile Include="Rendering\Util\Transform.cpp">
      <Filter>Source Files</Filter>
    </ClCompile>
    <ClCompile Include="Rendering\Util\Camera.cpp">
      <Filter>Source Files</Filter>
    </ClCompile>
    <ClCompile Include="Managers\Models_Manager.cpp">
      <Filter>Source Files</Filter>
    </ClCompile>
    <ClCompile Include="Rendering\Util\VboIndexer.cpp">
      <Filter>Source Files</Filter>
    </ClCompile>
    <ClCompile Include="Rendering\Util\Light.cpp">
      <Filter>Source Files</Filter>
    </ClCompile>
    <ClCompile Include="Rendering\Models\Scene_Container.cpp">
      <Filter>Source Files</Filter>
    </ClCompile>
    <ClCompile Include="Rendering\Models\Mesh.cpp">
      <Filter>Source Files</Filter>
    </ClCompile>
    <ClCompile Include="Managers\Shader_Factory.cpp">
      <Filter>Source Files</Filter>
    </ClCompile>
    <ClCompile Include="Managers\Shadow_Manager.cpp">
      <Filter>Source Files</Filter>
    </ClCompile>
  </ItemGroup>
  <ItemGroup>
    <None Include="packages.config" />
    <None Include="Shaders\Fragment_Shader.glsl" />
    <None Include="Shaders\Vertex_Shader.glsl" />
    <None Include="Shaders\TextureVertexShader.glsl" />
    <None Include="Shaders\TextureFragmentShader.glsl" />
    <None Include="Shaders\VertexShader.glsl" />
    <None Include="Shaders\ShadowVertexShader.glsl" />
    <None Include="Shaders\ShadowFragmentShader.glsl" />
  </ItemGroup>
  <ItemGroup>
    <ClInclude Include="Core\Init\WindowInfo.h">
      <Filter>Header Files</Filter>
    </ClInclude>
    <ClInclude Include="Core\Init\ContextInfo.h">
      <Filter>Header Files</Filter>
    </ClInclude>
    <ClInclude Include="Core\Init\FrameBufferInfo.h">
      <Filter>Header Files</Filter>
    </ClInclude>
    <ClInclude Include="Core\Init\Init_GLEW.h">
      <Filter>Header Files</Filter>
    </ClInclude>
    <ClInclude Include="Core\Init\Init_GLUT.h">
      <Filter>Header Files</Filter>
    </ClInclude>
    <ClInclude Include="Core\Init\IListener.h">
      <Filter>Header Files</Filter>
    </ClInclude>
    <ClInclude Include="Managers\Scene_Manager.h">
      <Filter>Header Files</Filter>
    </ClInclude>
    <ClInclude Include="Rendering\IGameObject.h">
      <Filter>Header Files</Filter>
    </ClInclude>
    <ClInclude Include="Rendering\VertexFormat.h">
      <Filter>Header Files</Filter>
    </ClInclude>
    <ClInclude Include="Rendering\Models\Model.h">
      <Filter>Header Files</Filter>
    </ClInclude>
    <ClInclude Include="Managers\Models_Manager.h">
      <Filter>Header Files</Filter>
    </ClInclude>
    <ClInclude Include="Rendering\Util\Transform.h">
      <Filter>Header Files</Filter>
    </ClInclude>
    <ClInclude Include="Rendering\Util\Camera.h">
      <Filter>Header Files</Filter>
    </ClInclude>
    <ClInclude Include="Rendering\Util\VboIndexer.h">
      <Filter>Header Files</Filter>
    </ClInclude>
    <ClInclude Include="Rendering\Util\Light.h">
      <Filter>Header Files</Filter>
    </ClInclude>
    <ClInclude Include="Rendering\Texture.h">
      <Filter>Header Files</Filter>
    </ClInclude>
    <ClInclude Include="Rendering\Models\Scene_Container.h">
      <Filter>Header Files</Filter>
    </ClInclude>
    <ClInclude Include="Rendering\Models\Mesh.h">
      <Filter>Header Files</Filter>
    </ClInclude>
    <ClInclude Include="Rendering\Util\Material.h">
      <Filter>Header Files</Filter>
    </ClInclude>
    <ClInclude Include="Managers\Shader_Factory.h">
      <Filter>Header Files</Filter>
    </ClInclude>
    <ClInclude Include="Managers\Shadow_Manager.h">
      <Filter>Header Files</Filter>
    </ClInclude>
  </ItemGroup>
  <ItemGroup>
    <Image Include="Examples\Crate.bmp">
      <Filter>Resource Files</Filter>
    </Image>
    <Image Include="Examples\checkerboard.dds" />
  </ItemGroup>
</Project>